
Microsoft Visual Studio Solution File, Format Version 12.00
# Visual Studio Version 16
VisualStudioVersion = 16.0.30804.86
MinimumVisualStudioVersion = 10.0.40219.1
Project("{9A19103F-16F7-4668-BE54-9A1E7A4F7556}") = "XayahFinances.Web", "XayahFinances.Web\XayahFinances.Web.csproj", "{FAC15A86-7B85-4A6F-8728-A22F795254FD}"
EndProject
Project("{9A19103F-16F7-4668-BE54-9A1E7A4F7556}") = "XayahFinances.Test", "XayahFinances.Test\XayahFinances.Test.csproj", "{7CE8AF7E-7C60-4B15-82B9-9D6744731D80}"
EndProject
Project("{9A19103F-16F7-4668-BE54-9A1E7A4F7556}") = "XayahFinances.Services", "XayahFinances.Services\XayahFinances.Services.csproj", "{989A24C8-FFC9-4D1F-A5E4-48BEF32D1701}"
EndProject
Project("{9A19103F-16F7-4668-BE54-9A1E7A4F7556}") = "XayahFinances.Infra", "XayahFinances.Infra\XayahFinances.Infra.csproj", "{B6986904-A5DE-47D6-BC1A-D7BDB1378B77}"
EndProject
Project("{9A19103F-16F7-4668-BE54-9A1E7A4F7556}") = "XayahFinances.Domain", "XayahFinances.Domain\XayahFinances.Domain.csproj", "{B8D5CEE5-6340-40ED-B001-48BA248D345C}"
EndProject
Project("{9A19103F-16F7-4668-BE54-9A1E7A4F7556}") = "XayahFinances.Common", "XayahFinances.Common\XayahFinances.Common.csproj", "{53515FFF-A096-4939-9356-9DAE2DF0E9DB}"
EndProject
Global
	GlobalSection(SolutionConfigurationPlatforms) = preSolution
		Debug|Any CPU = Debug|Any CPU
		Release|Any CPU = Release|Any CPU
	EndGlobalSection
	GlobalSection(ProjectConfigurationPlatforms) = postSolution
		{FAC15A86-7B85-4A6F-8728-A22F795254FD}.Debug|Any CPU.ActiveCfg = Debug|Any CPU
		{FAC15A86-7B85-4A6F-8728-A22F795254FD}.Debug|Any CPU.Build.0 = Debug|Any CPU
		{FAC15A86-7B85-4A6F-8728-A22F795254FD}.Release|Any CPU.ActiveCfg = Release|Any CPU
		{FAC15A86-7B85-4A6F-8728-A22F795254FD}.Release|Any CPU.Build.0 = Release|Any CPU
		{7CE8AF7E-7C60-4B15-82B9-9D6744731D80}.Debug|Any CPU.ActiveCfg = Debug|Any CPU
		{7CE8AF7E-7C60-4B15-82B9-9D6744731D80}.Debug|Any CPU.Build.0 = Debug|Any CPU
		{7CE8AF7E-7C60-4B15-82B9-9D6744731D80}.Release|Any CPU.ActiveCfg = Release|Any CPU
		{7CE8AF7E-7C60-4B15-82B9-9D6744731D80}.Release|Any CPU.Build.0 = Release|Any CPU
		{989A24C8-FFC9-4D1F-A5E4-48BEF32D1701}.Debug|Any CPU.ActiveCfg = Debug|Any CPU
		{989A24C8-FFC9-4D1F-A5E4-48BEF32D1701}.Debug|Any CPU.Build.0 = Debug|Any CPU
		{989A24C8-FFC9-4D1F-A5E4-48BEF32D1701}.Release|Any CPU.ActiveCfg = Release|Any CPU
		{989A24C8-FFC9-4D1F-A5E4-48BEF32D1701}.Release|Any CPU.Build.0 = Release|Any CPU
		{B6986904-A5DE-47D6-BC1A-D7BDB1378B77}.Debug|Any CPU.ActiveCfg = Debug|Any CPU
		{B6986904-A5DE-47D6-BC1A-D7BDB1378B77}.Debug|Any CPU.Build.0 = Debug|Any CPU
		{B6986904-A5DE-47D6-BC1A-D7BDB1378B77}.Release|Any CPU.ActiveCfg = Release|Any CPU
		{B6986904-A5DE-47D6-BC1A-D7BDB1378B77}.Release|Any CPU.Build.0 = Release|Any CPU
		{B8D5CEE5-6340-40ED-B001-48BA248D345C}.Debug|Any CPU.ActiveCfg = Debug|Any CPU
		{B8D5CEE5-6340-40ED-B001-48BA248D345C}.Debug|Any CPU.Build.0 = Debug|Any CPU
		{B8D5CEE5-6340-40ED-B001-48BA248D345C}.Release|Any CPU.ActiveCfg = Release|Any CPU
		{B8D5CEE5-6340-40ED-B001-48BA248D345C}.Release|Any CPU.Build.0 = Release|Any CPU
		{53515FFF-A096-4939-9356-9DAE2DF0E9DB}.Debug|Any CPU.ActiveCfg = Debug|Any CPU
		{53515FFF-A096-4939-9356-9DAE2DF0E9DB}.Debug|Any CPU.Build.0 = Debug|Any CPU
		{53515FFF-A096-4939-9356-9DAE2DF0E9DB}.Release|Any CPU.ActiveCfg = Release|Any CPU
		{53515FFF-A096-4939-9356-9DAE2DF0E9DB}.Release|Any CPU.Build.0 = Release|Any CPU
	EndGlobalSection
	GlobalSection(SolutionProperties) = preSolution
		HideSolutionNode = FALSE
	EndGlobalSection
	GlobalSection(ExtensibilityGlobals) = postSolution
		SolutionGuid = {0F3F374A-7DC6-496E-BE64-3F0D3DA8750E}
	EndGlobalSection
EndGlobal
